{
    "_meta": {
        "hash": {
            "sha256": "a1b04ff4289adc3311fe3635ab9d007774073925e281b4efb131752cc95925d4"
        },
        "pipfile-spec": 6,
        "requires": {
            "python_version": "3.9"
        },
        "sources": [
            {
                "name": "pypi",
                "url": "https://pypi.org/simple",
                "verify_ssl": true
            },
            {
                "name": "testpypi",
                "url": "https://test.pypi.org/simple/",
                "verify_ssl": true
            }
        ]
    },
    "default": {
        "pyfarmsay": {
            "hashes": [
                "sha256:0590f64a2316a76c5fd9524fb61b3d604a10f60fc77b0d8b308b75cfe70ff20c",
                "sha256:716325264e9bc13747dbd5bab7432c8c8d1c3645fcc80d7107746303252eef69"
            ],
            "index": "testpypi",
            "version": "==0.0.13"
        }
    },
    "develop": {}
}
