{
    "_meta": {
        "hash": {
            "sha256": "cb02f5b6e0e80b77b621a1d9baec026d006f4427aaa5ed528de2de644383623c"
        },
        "pipfile-spec": 6,
        "requires": {
            "python_version": "3.9"
        },
        "sources": [
            {
                "name": "pypi",
                "url": "https://pypi.org/simple",
                "verify_ssl": true
            },
            {
                "name": "testpypi",
                "url": "https://test.pypi.org/simple/",
                "verify_ssl": true
            }
        ]
    },
    "default": {
        "pyfarmsay": {
            "hashes": [
                "sha256:387796fc020ebdb69355ff3379595f236aadd98646c174ef4f10a522887a4939",
                "sha256:3f3ab88b56cc4cc5d43d6b1e3026cfede70ecb45ea52504ebb2f6e0a378051e7"
            ],
            "index": "testpypi",
            "version": "==0.0.14"
        }
    },
    "develop": {}
}
